
Microsoft Visual Studio Solution File, Format Version 12.00
# Visual Studio Version 16
VisualStudioVersion = 16.0.31424.327
MinimumVisualStudioVersion = 10.0.40219.1
Project("{FAE04EC0-301F-11D3-BF4B-00C04F79EFBC}") = "Multy_Grocery_App", "Multy_Grocery_App\Multy_Grocery_App.csproj", "{B4A7C053-4CA6-4738-97F0-F42D08011918}"
EndProject
Global
	GlobalSection(SolutionConfigurationPlatforms) = preSolution
		Debug|Any CPU = Debug|Any CPU
		Release|Any CPU = Release|Any CPU
	EndGlobalSection
	GlobalSection(ProjectConfigurationPlatforms) = postSolution
		{B4A7C053-4CA6-4738-97F0-F42D08011918}.Debug|Any CPU.ActiveCfg = Debug|Any CPU
		{B4A7C053-4CA6-4738-97F0-F42D08011918}.Debug|Any CPU.Build.0 = Debug|Any CPU
		{B4A7C053-4CA6-4738-97F0-F42D08011918}.Release|Any CPU.ActiveCfg = Release|Any CPU
		{B4A7C053-4CA6-4738-97F0-F42D08011918}.Release|Any CPU.Build.0 = Release|Any CPU
	EndGlobalSection
	GlobalSection(SolutionProperties) = preSolution
		HideSolutionNode = FALSE
	EndGlobalSection
	GlobalSection(ExtensibilityGlobals) = postSolution
		SolutionGuid = {C0531A05-A551-494F-9BE5-E5A895A7F144}
	EndGlobalSection
EndGlobal
